PODS:
  - CloudServiceKit (1.0.2):
    - OAuthSwift
  - OAuthSwift (2.2.0)

DEPENDENCIES:
  - CloudServiceKit (from `../`)

SPEC REPOS:
  trunk:
    - OAuthSwift

EXTERNAL SOURCES:
  CloudServiceKit:
    :path: "../"

SPEC CHECKSUMS:
  CloudServiceKit: dcaa01d55a60c682bd087132685288f7397b3cba
  OAuthSwift: 75efbb5bd9a4b2b71a37bd7e986bf3f55ddd54c6

PODFILE CHECKSUM: d12aa73235a54df82bcbaa903135fbd180d17af2

COCOAPODS: 1.11.2
